// !$*UTF8*$!
{
	archiveVersion = 1;
	classes = {
	};
	objectVersion = 46;
	objects = {

/* Begin PBXBuildFile section */
		F76799D21F77007F00366D7C /* main.m in Sources */ = {isa = PBXBuildFile; fileRef = F76799D11F77007F00366D7C /* main.m */; };
		F76799D51F77007F00366D7C /* AppDelegate.m in Sources */ = {isa = PBXBuildFile; fileRef = F76799D41F77007F00366D7C /* AppDelegate.m */; };
		F76799D81F77007F00366D7C /* ViewController.m in Sources */ = {isa = PBXBuildFile; fileRef = F76799D71F77007F00366D7C /* ViewController.m */; };
		F76799DB1F77007F00366D7C /* Main.storyboard in Resources */ = {isa = PBXBuildFile; fileRef = F76799D91F77007F00366D7C /* Main.storyboard */; };
		F76799DD1F77007F00366D7C /* Assets.xcassets in Resources */ = {isa = PBXBuildFile; fileRef = F76799DC1F77007F00366D7C /* Assets.xcassets */; };
		F76799E01F77007F00366D7C /* LaunchScreen.storyboard in Resources */ = {isa = PBXBuildFile; fileRef = F76799DE1F77007F00366D7C /* LaunchScreen.storyboard */; };
		F76799EB1F77007F00366D7C /* SocialTests.m in Sources */ = {isa = PBXBuildFile; fileRef = F76799EA1F77007F00366D7C /* SocialTests.m */; };
		F76799F61F77007F00366D7C /* SocialUITests.m in Sources */ = {isa = PBXBuildFile; fileRef = F76799F51F77007F00366D7C /* SocialUITests.m */; };
/* End PBXBuildFile section */

/* Begin PBXContainerItemProxy section */
		F76799E71F77007F00366D7C /* PBXContainerItemProxy */ = {
			isa = PBXContainerItemProxy;
			containerPortal = F76799C51F77007F00366D7C /* Project object */;
			proxyType = 1;
			remoteGlobalIDString = F76799CC1F77007F00366D7C;
			remoteInfo = Social;
		};
		F76799F21F77007F00366D7C /* PBXContainerItemProxy */ = {
			isa = PBXContainerItemProxy;
			containerPortal = F76799C51F77007F00366D7C /* Project object */;
			proxyType = 1;
			remoteGlobalIDString = F76799CC1F77007F00366D7C;
			remoteInfo = Social;
		};
/* End PBXContainerItemProxy section */

/* Begin PBXFileReference section */
		F76799CD1F77007F00366D7C /* Social.app */ = {isa = PBXFileReference; explicitFileType = wrapper.application; includeInIndex = 0; path = Social.app; sourceTree = BUILT_PRODUCTS_DIR; };
		F76799D11F77007F00366D7C /* main.m */ = {isa = PBXFileReference; lastKnownFileType = sourcecode.c.objc; path = main.m; sourceTree = "<group>"; };
		F76799D31F77007F00366D7C /* AppDelegate.h */ = {isa = PBXFileReference; lastKnownFileType = sourcecode.c.h; path = AppDelegate.h; sourceTree = "<group>"; };
		F76799D41F77007F00366D7C /* AppDelegate.m */ = {isa = PBXFileReference; lastKnownFileType = sourcecode.c.objc; path = AppDelegate.m; sourceTree = "<group>"; };
		F76799D61F77007F00366D7C /* ViewController.h */ = {isa = PBXFileReference; lastKnownFileType = sourcecode.c.h; path = ViewController.h; sourceTree = "<group>"; };
		F76799D71F77007F00366D7C /* ViewController.m */ = {isa = PBXFileReference; lastKnownFileType = sourcecode.c.objc; path = ViewController.m; sourceTree = "<group>"; };
		F76799DA1F77007F00366D7C /* Base */ = {isa = PBXFileReference; lastKnownFileType = file.storyboard; name = Base; path = Base.lproj/Main.storyboard; sourceTree = "<group>"; };
		F76799DC1F77007F00366D7C /* Assets.xcassets */ = {isa = PBXFileReference; lastKnownFileType = folder.assetcatalog; path = Assets.xcassets; sourceTree = "<group>"; };
		F76799DF1F77007F00366D7C /* Base */ = {isa = PBXFileReference; lastKnownFileType = file.storyboard; name = Base; path = Base.lproj/LaunchScreen.storyboard; sourceTree = "<group>"; };
		F76799E11F77007F00366D7C /* Info.plist */ = {isa = PBXFileReference; lastKnownFileType = text.plist.xml; path = Info.plist; sourceTree = "<group>"; };
		F76799E61F77007F00366D7C /* SocialTests.xctest */ = {isa = PBXFileReference; explicitFileType = wrapper.cfbundle; includeInIndex = 0; path = SocialTests.xctest; sourceTree = BUILT_PRODUCTS_DIR; };
		F76799EA1F77007F00366D7C /* SocialTests.m */ = {isa = PBXFileReference; lastKnownFileType = sourcecode.c.objc; path = SocialTests.m; sourceTree = "<group>"; };
		F76799EC1F77007F00366D7C /* Info.plist */ = {isa = PBXFileReference; lastKnownFileType = text.plist.xml; path = Info.plist; sourceTree = "<group>"; };
		F76799F11F77007F00366D7C /* SocialUITests.xctest */ = {isa = PBXFileReference; explicitFileType = wrapper.cfbundle; includeInIndex = 0; path = SocialUITests.xctest; sourceTree = BUILT_PRODUCTS_DIR; };
		F76799F51F77007F00366D7C /* SocialUITests.m */ = {isa = PBXFileReference; lastKnownFileType = sourcecode.c.objc; path = SocialUITests.m; sourceTree = "<group>"; };
		F76799F71F77007F00366D7C /* Info.plist */ = {isa = PBXFileReference; lastKnownFileType = text.plist.xml; path = Info.plist; sourceTree = "<group>"; };
/* End PBXFileReference section */

/* Begin PBXFrameworksBuildPhase section */
		F76799CA1F77007F00366D7C /* Frameworks */ = {
			isa = PBXFrameworksBuildPhase;
			buildActionMask = 2147483647;
			files = (
			);
			runOnlyForDeploymentPostprocessing = 0;
		};
		F76799E31F77007F00366D7C /* Frameworks */ = {
			isa = PBXFrameworksBuildPhase;
			buildActionMask = 2147483647;
			files = (
			);
			runOnlyForDeploymentPostprocessing = 0;
		};
		F76799EE1F77007F00366D7C /* Frameworks */ = {
			isa = PBXFrameworksBuildPhase;
			buildActionMask = 2147483647;
			files = (
			);
			runOnlyForDeploymentPostprocessing = 0;
		};
/* End PBXFrameworksBuildPhase section */

/* Begin PBXGroup section */
		F76799C41F77007F00366D7C = {
			isa = PBXGroup;
			children = (
				F76799CF1F77007F00366D7C /* Social */,
				F76799E91F77007F00366D7C /* SocialTests */,
				F76799F41F77007F00366D7C /* SocialUITests */,
				F76799CE1F77007F00366D7C /* Products */,
			);
			sourceTree = "<group>";
		};
		F76799CE1F77007F00366D7C /* Products */ = {
			isa = PBXGroup;
			children = (
				F76799CD1F77007F00366D7C /* Social.app */,
				F76799E61F77007F00366D7C /* SocialTests.xctest */,
				F76799F11F77007F00366D7C /* SocialUITests.xctest */,
			);
			name = Products;
			sourceTree = "<group>";
		};
		F76799CF1F77007F00366D7C /* Social */ = {
			isa = PBXGroup;
			children = (
				F76799D31F77007F00366D7C /* AppDelegate.h */,
				F76799D41F77007F00366D7C /* AppDelegate.m */,
				F76799D61F77007F00366D7C /* ViewController.h */,
				F76799D71F77007F00366D7C /* ViewController.m */,
				F76799D91F77007F00366D7C /* Main.storyboard */,
				F76799DC1F77007F00366D7C /* Assets.xcassets */,
				F76799DE1F77007F00366D7C /* LaunchScreen.storyboard */,
				F76799E11F77007F00366D7C /* Info.plist */,
				F76799D01F77007F00366D7C /* Supporting Files */,
			);
			path = Social;
			sourceTree = "<group>";
		};
		F76799D01F77007F00366D7C /* Supporting Files */ = {
			isa = PBXGroup;
			children = (
				F76799D11F77007F00366D7C /* main.m */,
			);
			name = "Supporting Files";
			sourceTree = "<group>";
		};
		F76799E91F77007F00366D7C /* SocialTests */ = {
			isa = PBXGroup;
			children = (
				F76799EA1F77007F00366D7C /* SocialTests.m */,
				F76799EC1F77007F00366D7C /* Info.plist */,
			);
			path = SocialTests;
			sourceTree = "<group>";
		};
		F76799F41F77007F00366D7C /* SocialUITests */ = {
			isa = PBXGroup;
			children = (
				F76799F51F77007F00366D7C /* SocialUITests.m */,
				F76799F71F77007F00366D7C /* Info.plist */,
			);
			path = SocialUITests;
			sourceTree = "<group>";
		};
/* End PBXGroup section */

/* Begin PBXNativeTarget section */
		F76799CC1F77007F00366D7C /* Social */ = {
			isa = PBXNativeTarget;
			buildConfigurationList = F76799FA1F77007F00366D7C /* Build configuration list for PBXNativeTarget "Social" */;
			buildPhases = (
				F76799C91F77007F00366D7C /* Sources */,
				F76799CA1F77007F00366D7C /* Frameworks */,
				F76799CB1F77007F00366D7C /* Resources */,
			);
			buildRules = (
			);
			dependencies = (
			);
			name = Social;
			productName = Social;
			productReference = F76799CD1F77007F00366D7C /* Social.app */;
			productType = "com.apple.product-type.application";
		};
		F76799E51F77007F00366D7C /* SocialTests */ = {
			isa = PBXNativeTarget;
			buildConfigurationList = F76799FD1F77007F00366D7C /* Build configuration list for PBXNativeTarget "SocialTests" */;
			buildPhases = (
				F76799E21F77007F00366D7C /* Sources */,
				F76799E31F77007F00366D7C /* Frameworks */,
				F76799E41F77007F00366D7C /* Resources */,
			);
			buildRules = (
			);
			dependencies = (
				F76799E81F77007F00366D7C /* PBXTargetDependency */,
			);
			name = SocialTests;
			productName = SocialTests;
			productReference = F76799E61F77007F00366D7C /* SocialTests.xctest */;
			productType = "com.apple.product-type.bundle.unit-test";
		};
		F76799F01F77007F00366D7C /* SocialUITests */ = {
			isa = PBXNativeTarget;
			buildConfigurationList = F7679A001F77007F00366D7C /* Build configuration list for PBXNativeTarget "SocialUITests" */;
			buildPhases = (
				F76799ED1F77007F00366D7C /* Sources */,
				F76799EE1F77007F00366D7C /* Frameworks */,
				F76799EF1F77007F00366D7C /* Resources */,
			);
			buildRules = (
			);
			dependencies = (
				F76799F31F77007F00366D7C /* PBXTargetDependency */,
			);
			name = SocialUITests;
			productName = SocialUITests;
			productReference = F76799F11F77007F00366D7C /* SocialUITests.xctest */;
			productType = "com.apple.product-type.bundle.ui-testing";
		};
/* End PBXNativeTarget section */

/* Begin PBXProject section */
		F76799C51F77007F00366D7C /* Project object */ = {
			isa = PBXProject;
			attributes = {
				LastUpgradeCheck = 0830;
				ORGANIZATIONNAME = AXL;
				TargetAttributes = {
					F76799CC1F77007F00366D7C = {
						CreatedOnToolsVersion = 8.3.3;
						DevelopmentTeam = HR665SDM86;
						ProvisioningStyle = Automatic;
					};
					F76799E51F77007F00366D7C = {
						CreatedOnToolsVersion = 8.3.3;
						DevelopmentTeam = HR665SDM86;
						ProvisioningStyle = Automatic;
						TestTargetID = F76799CC1F77007F00366D7C;
					};
					F76799F01F77007F00366D7C = {
						CreatedOnToolsVersion = 8.3.3;
						DevelopmentTeam = HR665SDM86;
						ProvisioningStyle = Automatic;
						TestTargetID = F76799CC1F77007F00366D7C;
					};
				};
			};
			buildConfigurationList = F76799C81F77007F00366D7C /* Build configuration list for PBXProject "Social" */;
			compatibilityVersion = "Xcode 3.2";
			developmentRegion = English;
			hasScannedForEncodings = 0;
			knownRegions = (
				en,
				Base,
			);
			mainGroup = F76799C41F77007F00366D7C;
			productRefGroup = F76799CE1F77007F00366D7C /* Products */;
			projectDirPath = "";
			projectRoot = "";
			targets = (
				F76799CC1F77007F00366D7C /* Social */,
				F76799E51F77007F00366D7C /* SocialTests */,
				F76799F01F77007F00366D7C /* SocialUITests */,
			);
		};
/* End PBXProject section */

/* Begin PBXResourcesBuildPhase section */
		F76799CB1F77007F00366D7C /* Resources */ = {
			isa = PBXResourcesBuildPhase;
			buildActionMask = 2147483647;
			files = (
				F76799E01F77007F00366D7C /* LaunchScreen.storyboard in Resources */,
				F76799DD1F77007F00366D7C /* Assets.xcassets in Resources */,
				F76799DB1F77007F00366D7C /* Main.storyboard in Resources */,
			);
			runOnlyForDeploymentPostprocessing = 0;
		};
		F76799E41F77007F00366D7C /* Resources */ = {
			isa = PBXResourcesBuildPhase;
			buildActionMask = 2147483647;
			files = (
			);
			runOnlyForDeploymentPostprocessing = 0;
		};
		F76799EF1F77007F00366D7C /* Resources */ = {
			isa = PBXResourcesBuildPhase;
			buildActionMask = 2147483647;
			files = (
			);
			runOnlyForDeploymentPostprocessing = 0;
		};
/* End PBXResourcesBuildPhase section */

/* Begin PBXSourcesBuildPhase section */
		F76799C91F77007F00366D7C /* Sources */ = {
			isa = PBXSourcesBuildPhase;
			buildActionMask = 2147483647;
			files = (
				F76799D81F77007F00366D7C /* ViewController.m in Sources */,
				F76799D51F77007F00366D7C /* AppDelegate.m in Sources */,
				F76799D21F77007F00366D7C /* main.m in Sources */,
			);
			runOnlyForDeploymentPostprocessing = 0;
		};
		F76799E21F77007F00366D7C /* Sources */ = {
			isa = PBXSourcesBuildPhase;
			buildActionMask = 2147483647;
			files = (
				F76799EB1F77007F00366D7C /* SocialTests.m in Sources */,
			);
			runOnlyForDeploymentPostprocessing = 0;
		};
		F76799ED1F77007F00366D7C /* Sources */ = {
			isa = PBXSourcesBuildPhase;
			buildActionMask = 2147483647;
			files = (
				F76799F61F77007F00366D7C /* SocialUITests.m in Sources */,
			);
			runOnlyForDeploymentPostprocessing = 0;
		};
/* End PBXSourcesBuildPhase section */

/* Begin PBXTargetDependency section */
		F76799E81F77007F00366D7C /* PBXTargetDependency */ = {
			isa = PBXTargetDependency;
			target = F76799CC1F77007F00366D7C /* Social */;
			targetProxy = F76799E71F77007F00366D7C /* PBXContainerItemProxy */;
		};
		F76799F31F77007F00366D7C /* PBXTargetDependency */ = {
			isa = PBXTargetDependency;
			target = F76799CC1F77007F00366D7C /* Social */;
			targetProxy = F76799F21F77007F00366D7C /* PBXContainerItemProxy */;
		};
/* End PBXTargetDependency section */

/* Begin PBXVariantGroup section */
		F76799D91F77007F00366D7C /* Main.storyboard */ = {
			isa = PBXVariantGroup;
			children = (
				F76799DA1F77007F00366D7C /* Base */,
			);
			name = Main.storyboard;
			sourceTree = "<group>";
		};
		F76799DE1F77007F00366D7C /* LaunchScreen.storyboard */ = {
			isa = PBXVariantGroup;
			children = (
				F76799DF1F77007F00366D7C /* Base */,
			);
			name = LaunchScreen.storyboard;
			sourceTree = "<group>";
		};
/* End PBXVariantGroup section */

/* Begin XCBuildConfiguration section */
		F76799F81F77007F00366D7C /* Debug */ = {
			isa = XCBuildConfiguration;
			buildSettings = {
				ALWAYS_SEARCH_USER_PATHS = NO;
				CLANG_ANALYZER_NONNULL = YES;
				CLANG_ANALYZER_NUMBER_OBJECT_CONVERSION = YES_AGGRESSIVE;
				CLANG_CXX_LANGUAGE_STANDARD = "gnu++0x";
				CLANG_CXX_LIBRARY = "libc++";
				CLANG_ENABLE_MODULES = YES;
				CLANG_ENABLE_OBJC_ARC = YES;
				CLANG_WARN_BOOL_CONVERSION = YES;
				CLANG_WARN_CONSTANT_CONVERSION = YES;
				CLANG_WARN_DIRECT_OBJC_ISA_USAGE = YES_ERROR;
				CLANG_WARN_DOCUMENTATION_COMMENTS = YES;
				CLANG_WARN_EMPTY_BODY = YES;
				CLANG_WARN_ENUM_CONVERSION = YES;
				CLANG_WARN_INFINITE_RECURSION = YES;
				CLANG_WARN_INT_CONVERSION = YES;
				CLANG_WARN_OBJC_ROOT_CLASS = YES_ERROR;
				CLANG_WARN_SUSPICIOUS_MOVE = YES;
				CLANG_WARN_UNREACHABLE_CODE = YES;
				CLANG_WARN__DUPLICATE_METHOD_MATCH = YES;
				"CODE_SIGN_IDENTITY[sdk=iphoneos*]" = "iPhone Developer";
				COPY_PHASE_STRIP = NO;
				DEBUG_INFORMATION_FORMAT = dwarf;
				ENABLE_STRICT_OBJC_MSGSEND = YES;
				ENABLE_TESTABILITY = YES;
				GCC_C_LANGUAGE_STANDARD = gnu99;
				GCC_DYNAMIC_NO_PIC = NO;
				GCC_NO_COMMON_BLOCKS = YES;
				GCC_OPTIMIZATION_LEVEL = 0;
				GCC_PREPROCESSOR_DEFINITIONS = (
					"DEBUG=1",
					"$(inherited)",
				);
				GCC_WARN_64_TO_32_BIT_CONVERSION = YES;
				GCC_WARN_ABOUT_RETURN_TYPE = YES_ERROR;
				GCC_WARN_UNDECLARED_SELECTOR = YES;
				GCC_WARN_UNINITIALIZED_AUTOS = YES_AGGRESSIVE;
				GCC_WARN_UNUSED_FUNCTION = YES;
				GCC_WARN_UNUSED_VARIABLE = YES;
				IPHONEOS_DEPLOYMENT_TARGET = 10.3;
				MTL_ENABLE_DEBUG_INFO = YES;
				ONLY_ACTIVE_ARCH = YES;
				SDKROOT = iphoneos;
				TARGETED_DEVICE_FAMILY = "1,2";
			};
			name = Debug;
		};
		F76799F91F77007F00366D7C /* Release */ = {
			isa = XCBuildConfiguration;
			buildSettings = {
				ALWAYS_SEARCH_USER_PATHS = NO;
				CLANG_ANALYZER_NONNULL = YES;
				CLANG_ANALYZER_NUMBER_OBJECT_CONVERSION = YES_AGGRESSIVE;
				CLANG_CXX_LANGUAGE_STANDARD = "gnu++0x";
				CLANG_CXX_LIBRARY = "libc++";
				CLANG_ENABLE_MODULES = YES;
				CLANG_ENABLE_OBJC_ARC = YES;
				CLANG_WARN_BOOL_CONVERSION = YES;
				CLANG_WARN_CONSTANT_CONVERSION = YES;
				CLANG_WARN_DIRECT_OBJC_ISA_USAGE = YES_ERROR;
				CLANG_WARN_DOCUMENTATION_COMMENTS = YES;
				CLANG_WARN_EMPTY_BODY = YES;
				CLANG_WARN_ENUM_CONVERSION = YES;
				CLANG_WARN_INFINITE_RECURSION = YES;
				CLANG_WARN_INT_CONVERSION = YES;
				CLANG_WARN_OBJC_ROOT_CLASS = YES_ERROR;
				CLANG_WARN_SUSPICIOUS_MOVE = YES;
				CLANG_WARN_UNREACHABLE_CODE = YES;
				CLANG_WARN__DUPLICATE_METHOD_MATCH = YES;
				"CODE_SIGN_IDENTITY[sdk=iphoneos*]" = "iPhone Developer";
				COPY_PHASE_STRIP = NO;
				DEBUG_INFORMATION_FORMAT = "dwarf-with-dsym";
				ENABLE_NS_ASSERTIONS = NO;
				ENABLE_STRICT_OBJC_MSGSEND = YES;
				GCC_C_LANGUAGE_STANDARD = gnu99;
				GCC_NO_COMMON_BLOCKS = YES;
				GCC_WARN_64_TO_32_BIT_CONVERSION = YES;
				GCC_WARN_ABOUT_RETURN_TYPE = YES_ERROR;
				GCC_WARN_UNDECLARED_SELECTOR = YES;
				GCC_WARN_UNINITIALIZED_AUTOS = YES_AGGRESSIVE;
				GCC_WARN_UNUSED_FUNCTION = YES;
				GCC_WARN_UNUSED_VARIABLE = YES;
				IPHONEOS_DEPLOYMENT_TARGET = 10.3;
				MTL_ENABLE_DEBUG_INFO = NO;
				SDKROOT = iphoneos;
				TARGETED_DEVICE_FAMILY = "1,2";
				VALIDATE_PRODUCT = YES;
			};
			name = Release;
		};
		F76799FB1F77007F00366D7C /* Debug */ = {
			isa = XCBuildConfiguration;
			buildSettings = {
				ASSETCATALOG_COMPILER_APPICON_NAME = AppIcon;
				DEVELOPMENT_TEAM = HR665SDM86;
				INFOPLIST_FILE = Social/Info.plist;
				LD_RUNPATH_SEARCH_PATHS = "$(inherited) @executable_path/Frameworks";
				PRODUCT_BUNDLE_IDENTIFIER = XinruiLu.Social;
				PRODUCT_NAME = "$(TARGET_NAME)";
			};
			name = Debug;
		};
		F76799FC1F77007F00366D7C /* Release */ = {
			isa = XCBuildConfiguration;
			buildSettings = {
				ASSETCATALOG_COMPILER_APPICON_NAME = AppIcon;
				DEVELOPMENT_TEAM = HR665SDM86;
				INFOPLIST_FILE = Social/Info.plist;
				LD_RUNPATH_SEARCH_PATHS = "$(inherited) @executable_path/Frameworks";
				PRODUCT_BUNDLE_IDENTIFIER = XinruiLu.Social;
				PRODUCT_NAME = "$(TARGET_NAME)";
			};
			name = Release;
		};
		F76799FE1F77007F00366D7C /* Debug */ = {
			isa = XCBuildConfiguration;
			buildSettings = {
				BUNDLE_LOADER = "$(TEST_HOST)";
				DEVELOPMENT_TEAM = HR665SDM86;
				INFOPLIST_FILE = SocialTests/Info.plist;
				LD_RUNPATH_SEARCH_PATHS = "$(inherited) @executable_path/Frameworks @loader_path/Frameworks";
				PRODUCT_BUNDLE_IDENTIFIER = XinruiLu.SocialTests;
				PRODUCT_NAME = "$(TARGET_NAME)";
				TEST_HOST = "$(BUILT_PRODUCTS_DIR)/Social.app/Social";
			};
			name = Debug;
		};
		F76799FF1F77007F00366D7C /* Release */ = {
			isa = XCBuildConfiguration;
			buildSettings = {
				BUNDLE_LOADER = "$(TEST_HOST)";
				DEVELOPMENT_TEAM = HR665SDM86;
				INFOPLIST_FILE = SocialTests/Info.plist;
				LD_RUNPATH_SEARCH_PATHS = "$(inherited) @executable_path/Frameworks @loader_path/Frameworks";
				PRODUCT_BUNDLE_IDENTIFIER = XinruiLu.SocialTests;
				PRODUCT_NAME = "$(TARGET_NAME)";
				TEST_HOST = "$(BUILT_PRODUCTS_DIR)/Social.app/Social";
			};
			name = Release;
		};
		F7679A011F77007F00366D7C /* Debug */ = {
			isa = XCBuildConfiguration;
			buildSettings = {
				DEVELOPMENT_TEAM = HR665SDM86;
				INFOPLIST_FILE = SocialUITests/Info.plist;
				LD_RUNPATH_SEARCH_PATHS = "$(inherited) @executable_path/Frameworks @loader_path/Frameworks";
				PRODUCT_BUNDLE_IDENTIFIER = XinruiLu.SocialUITests;
				PRODUCT_NAME = "$(TARGET_NAME)";
				TEST_TARGET_NAME = Social;
			};
			name = Debug;
		};
		F7679A021F77007F00366D7C /* Release */ = {
			isa = XCBuildConfiguration;
			buildSettings = {
				DEVELOPMENT_TEAM = HR665SDM86;
				INFOPLIST_FILE = SocialUITests/Info.plist;
				LD_RUNPATH_SEARCH_PATHS = "$(inherited) @executable_path/Frameworks @loader_path/Frameworks";
				PRODUCT_BUNDLE_IDENTIFIER = XinruiLu.SocialUITests;
				PRODUCT_NAME = "$(TARGET_NAME)";
				TEST_TARGET_NAME = Social;
			};
			name = Release;
		};
/* End XCBuildConfiguration section */

/* Begin XCConfigurationList section */
		F76799C81F77007F00366D7C /* Build configuration list for PBXProject "Social" */ = {
			isa = XCConfigurationList;
			buildConfigurations = (
				F76799F81F77007F00366D7C /* Debug */,
				F76799F91F77007F00366D7C /* Release */,
			);
			defaultConfigurationIsVisible = 0;
			defaultConfigurationName = Release;
		};
		F76799FA1F77007F00366D7C /* Build configuration list for PBXNativeTarget "Social" */ = {
			isa = XCConfigurationList;
			buildConfigurations = (
				F76799FB1F77007F00366D7C /* Debug */,
				F76799FC1F77007F00366D7C /* Release */,
			);
			defaultConfigurationIsVisible = 0;
		};
		F76799FD1F77007F00366D7C /* Build configuration list for PBXNativeTarget "SocialTests" */ = {
			isa = XCConfigurationList;
			buildConfigurations = (
				F76799FE1F77007F00366D7C /* Debug */,
				F76799FF1F77007F00366D7C /* Release */,
			);
			defaultConfigurationIsVisible = 0;
		};
		F7679A001F77007F00366D7C /* Build configuration list for PBXNativeTarget "SocialUITests" */ = {
			isa = XCConfigurationList;
			buildConfigurations = (
				F7679A011F77007F00366D7C /* Debug */,
				F7679A021F77007F00366D7C /* Release */,
			);
			defaultConfigurationIsVisible = 0;
		};
/* End XCConfigurationList section */
	};
	rootObject = F76799C51F77007F00366D7C /* Project object */;
}
